// !$*UTF8*$!
{
	archiveVersion = 1;
	classes = {
	};
	objectVersion = 50;
	objects = {

/* Begin PBXBuildFile section */
		00AB32F5265C18D700F4239C /* ButtonNode.swift in Sources */ = {isa = PBXBuildFile; fileRef = 00AB32F4265C18D700F4239C /* ButtonNode.swift */; };
		00AB32F7265C18FE00F4239C /* MyUtils.swift in Sources */ = {isa = PBXBuildFile; fileRef = 00AB32F6265C18FE00F4239C /* MyUtils.swift */; };
		00AB32F9265C19C600F4239C /* SoundManager.swift in Sources */ = {isa = PBXBuildFile; fileRef = 00AB32F8265C19C600F4239C /* SoundManager.swift */; };
		00AB32FB265C19D800F4239C /* Constants.swift in Sources */ = {isa = PBXBuildFile; fileRef = 00AB32FA265C19D800F4239C /* Constants.swift */; };
		00AB32FF265C1E2100F4239C /* CastleComponent.swift in Sources */ = {isa = PBXBuildFile; fileRef = 00AB32FE265C1E2100F4239C /* CastleComponent.swift */; };
		00AB3301265C20B900F4239C /* Quirk.swift in Sources */ = {isa = PBXBuildFile; fileRef = 00AB3300265C20B900F4239C /* Quirk.swift */; };
		00AB3303265C233D00F4239C /* MoveBehavior.swift in Sources */ = {isa = PBXBuildFile; fileRef = 00AB3302265C233D00F4239C /* MoveBehavior.swift */; };
		00AB3305265C23C100F4239C /* MoveComponent.swift in Sources */ = {isa = PBXBuildFile; fileRef = 00AB3304265C23C100F4239C /* MoveComponent.swift */; };
		00AB3313265C2C5600F4239C /* smallHit.wav in Resources */ = {isa = PBXBuildFile; fileRef = 00AB3307265C2C5400F4239C /* smallHit.wav */; };
		00AB3314265C2C5600F4239C /* defend.wav in Resources */ = {isa = PBXBuildFile; fileRef = 00AB3308265C2C5400F4239C /* defend.wav */; };
		00AB3315265C2C5600F4239C /* boom.wav in Resources */ = {isa = PBXBuildFile; fileRef = 00AB3309265C2C5400F4239C /* boom.wav */; };
		00AB3316265C2C5600F4239C /* Latin_Industries.mp3 in Resources */ = {isa = PBXBuildFile; fileRef = 00AB330A265C2C5500F4239C /* Latin_Industries.mp3 */; };
		00AB3317265C2C5600F4239C /* attack.wav in Resources */ = {isa = PBXBuildFile; fileRef = 00AB330B265C2C5500F4239C /* attack.wav */; };
		00AB3318265C2C5600F4239C /* lionlaugh4.wav in Resources */ = {isa = PBXBuildFile; fileRef = 00AB330C265C2C5500F4239C /* lionlaugh4.wav */; };
		00AB3319265C2C5600F4239C /* mass.wav in Resources */ = {isa = PBXBuildFile; fileRef = 00AB330D265C2C5500F4239C /* mass.wav */; };
		00AB331A265C2C5600F4239C /* pew.wav in Resources */ = {isa = PBXBuildFile; fileRef = 00AB330E265C2C5500F4239C /* pew.wav */; };
		00AB331B265C2C5600F4239C /* lioncry3.wav in Resources */ = {isa = PBXBuildFile; fileRef = 00AB330F265C2C5500F4239C /* lioncry3.wav */; };
		00AB331C265C2C5600F4239C /* spawn.wav in Resources */ = {isa = PBXBuildFile; fileRef = 00AB3310265C2C5600F4239C /* spawn.wav */; };
		00AB331D265C2C5600F4239C /* pew2.wav in Resources */ = {isa = PBXBuildFile; fileRef = 00AB3311265C2C5600F4239C /* pew2.wav */; };
		00AB331E265C2C5600F4239C /* bigHit.wav in Resources */ = {isa = PBXBuildFile; fileRef = 00AB3312265C2C5600F4239C /* bigHit.wav */; };
		00AB3320265C333E00F4239C /* Sun.swift in Sources */ = {isa = PBXBuildFile; fileRef = 00AB331F265C333E00F4239C /* Sun.swift */; };
		00B2F08E265832A100E8F41A /* AppDelegate.swift in Sources */ = {isa = PBXBuildFile; fileRef = 00B2F08D265832A100E8F41A /* AppDelegate.swift */; };
		00B2F094265832A200E8F41A /* GameScene.swift in Sources */ = {isa = PBXBuildFile; fileRef = 00B2F093265832A200E8F41A /* GameScene.swift */; };
		00B2F096265832A200E8F41A /* GameViewController.swift in Sources */ = {isa = PBXBuildFile; fileRef = 00B2F095265832A200E8F41A /* GameViewController.swift */; };
		00B2F099265832A200E8F41A /* Main.storyboard in Resources */ = {isa = PBXBuildFile; fileRef = 00B2F097265832A200E8F41A /* Main.storyboard */; };
		00B2F09B265832A300E8F41A /* Assets.xcassets in Resources */ = {isa = PBXBuildFile; fileRef = 00B2F09A265832A300E8F41A /* Assets.xcassets */; };
		00E80377265B236200CE47B3 /* SpriteComponent.swift in Sources */ = {isa = PBXBuildFile; fileRef = 00E80376265B236200CE47B3 /* SpriteComponent.swift */; };
		00E8037B265B25AC00CE47B3 /* Castle.swift in Sources */ = {isa = PBXBuildFile; fileRef = 00E8037A265B25AC00CE47B3 /* Castle.swift */; };
		00E8037D265B27F300CE47B3 /* EntityManager.swift in Sources */ = {isa = PBXBuildFile; fileRef = 00E8037C265B27F300CE47B3 /* EntityManager.swift */; };
		00E8037F265B2DDF00CE47B3 /* TeamComponent.swift in Sources */ = {isa = PBXBuildFile; fileRef = 00E8037E265B2DDF00CE47B3 /* TeamComponent.swift */; };
		00E803A4265B3C8E00CE47B3 /* GameScene.sks in Resources */ = {isa = PBXBuildFile; fileRef = 00E803A3265B3C8E00CE47B3 /* GameScene.sks */; };
/* End PBXBuildFile section */

/* Begin PBXFileReference section */
		00AB32F4265C18D700F4239C /* ButtonNode.swift */ = {isa = PBXFileReference; lastKnownFileType = sourcecode.swift; path = ButtonNode.swift; sourceTree = "<group>"; };
		00AB32F6265C18FE00F4239C /* MyUtils.swift */ = {isa = PBXFileReference; lastKnownFileType = sourcecode.swift; path = MyUtils.swift; sourceTree = "<group>"; };
		00AB32F8265C19C600F4239C /* SoundManager.swift */ = {isa = PBXFileReference; lastKnownFileType = sourcecode.swift; path = SoundManager.swift; sourceTree = "<group>"; };
		00AB32FA265C19D800F4239C /* Constants.swift */ = {isa = PBXFileReference; lastKnownFileType = sourcecode.swift; path = Constants.swift; sourceTree = "<group>"; };
		00AB32FE265C1E2100F4239C /* CastleComponent.swift */ = {isa = PBXFileReference; lastKnownFileType = sourcecode.swift; path = CastleComponent.swift; sourceTree = "<group>"; };
		00AB3300265C20B900F4239C /* Quirk.swift */ = {isa = PBXFileReference; lastKnownFileType = sourcecode.swift; path = Quirk.swift; sourceTree = "<group>"; };
		00AB3302265C233D00F4239C /* MoveBehavior.swift */ = {isa = PBXFileReference; lastKnownFileType = sourcecode.swift; path = MoveBehavior.swift; sourceTree = "<group>"; };
		00AB3304265C23C100F4239C /* MoveComponent.swift */ = {isa = PBXFileReference; lastKnownFileType = sourcecode.swift; path = MoveComponent.swift; sourceTree = "<group>"; };
		00AB3307265C2C5400F4239C /* smallHit.wav */ = {isa = PBXFileReference; lastKnownFileType = audio.wav; path = smallHit.wav; sourceTree = "<group>"; };
		00AB3308265C2C5400F4239C /* defend.wav */ = {isa = PBXFileReference; lastKnownFileType = audio.wav; path = defend.wav; sourceTree = "<group>"; };
		00AB3309265C2C5400F4239C /* boom.wav */ = {isa = PBXFileReference; lastKnownFileType = audio.wav; path = boom.wav; sourceTree = "<group>"; };
		00AB330A265C2C5500F4239C /* Latin_Industries.mp3 */ = {isa = PBXFileReference; lastKnownFileType = audio.mp3; path = Latin_Industries.mp3; sourceTree = "<group>"; };
		00AB330B265C2C5500F4239C /* attack.wav */ = {isa = PBXFileReference; lastKnownFileType = audio.wav; path = attack.wav; sourceTree = "<group>"; };
		00AB330C265C2C5500F4239C /* lionlaugh4.wav */ = {isa = PBXFileReference; lastKnownFileType = audio.wav; path = lionlaugh4.wav; sourceTree = "<group>"; };
		00AB330D265C2C5500F4239C /* mass.wav */ = {isa = PBXFileReference; lastKnownFileType = audio.wav; path = mass.wav; sourceTree = "<group>"; };
		00AB330E265C2C5500F4239C /* pew.wav */ = {isa = PBXFileReference; lastKnownFileType = audio.wav; path = pew.wav; sourceTree = "<group>"; };
		00AB330F265C2C5500F4239C /* lioncry3.wav */ = {isa = PBXFileReference; lastKnownFileType = audio.wav; path = lioncry3.wav; sourceTree = "<group>"; };
		00AB3310265C2C5600F4239C /* spawn.wav */ = {isa = PBXFileReference; lastKnownFileType = audio.wav; path = spawn.wav; sourceTree = "<group>"; };
		00AB3311265C2C5600F4239C /* pew2.wav */ = {isa = PBXFileReference; lastKnownFileType = audio.wav; path = pew2.wav; sourceTree = "<group>"; };
		00AB3312265C2C5600F4239C /* bigHit.wav */ = {isa = PBXFileReference; lastKnownFileType = audio.wav; path = bigHit.wav; sourceTree = "<group>"; };
		00AB331F265C333E00F4239C /* Sun.swift */ = {isa = PBXFileReference; lastKnownFileType = sourcecode.swift; path = Sun.swift; sourceTree = "<group>"; };
		00B2F08A265832A100E8F41A /* EstudoGameKit.app */ = {isa = PBXFileReference; explicitFileType = wrapper.application; includeInIndex = 0; path = EstudoGameKit.app; sourceTree = BUILT_PRODUCTS_DIR; };
		00B2F08D265832A100E8F41A /* AppDelegate.swift */ = {isa = PBXFileReference; lastKnownFileType = sourcecode.swift; path = AppDelegate.swift; sourceTree = "<group>"; };
		00B2F093265832A200E8F41A /* GameScene.swift */ = {isa = PBXFileReference; lastKnownFileType = sourcecode.swift; path = GameScene.swift; sourceTree = "<group>"; };
		00B2F095265832A200E8F41A /* GameViewController.swift */ = {isa = PBXFileReference; lastKnownFileType = sourcecode.swift; path = GameViewController.swift; sourceTree = "<group>"; };
		00B2F098265832A200E8F41A /* Base */ = {isa = PBXFileReference; lastKnownFileType = file.storyboard; name = Base; path = Base.lproj/Main.storyboard; sourceTree = "<group>"; };
		00B2F09A265832A300E8F41A /* Assets.xcassets */ = {isa = PBXFileReference; lastKnownFileType = folder.assetcatalog; path = Assets.xcassets; sourceTree = "<group>"; };
		00B2F09C265832A300E8F41A /* Info.plist */ = {isa = PBXFileReference; lastKnownFileType = text.plist.xml; path = Info.plist; sourceTree = "<group>"; };
		00E80376265B236200CE47B3 /* SpriteComponent.swift */ = {isa = PBXFileReference; lastKnownFileType = sourcecode.swift; path = SpriteComponent.swift; sourceTree = "<group>"; };
		00E8037A265B25AC00CE47B3 /* Castle.swift */ = {isa = PBXFileReference; lastKnownFileType = sourcecode.swift; path = Castle.swift; sourceTree = "<group>"; };
		00E8037C265B27F300CE47B3 /* EntityManager.swift */ = {isa = PBXFileReference; lastKnownFileType = sourcecode.swift; path = EntityManager.swift; sourceTree = "<group>"; };
		00E8037E265B2DDF00CE47B3 /* TeamComponent.swift */ = {isa = PBXFileReference; lastKnownFileType = sourcecode.swift; path = TeamComponent.swift; sourceTree = "<group>"; };
		00E803A3265B3C8E00CE47B3 /* GameScene.sks */ = {isa = PBXFileReference; lastKnownFileType = file.sks; path = GameScene.sks; sourceTree = "<group>"; };
/* End PBXFileReference section */

/* Begin PBXFrameworksBuildPhase section */
		00B2F087265832A100E8F41A /* Frameworks */ = {
			isa = PBXFrameworksBuildPhase;
			buildActionMask = 2147483647;
			files = (
			);
			runOnlyForDeploymentPostprocessing = 0;
		};
/* End PBXFrameworksBuildPhase section */

/* Begin PBXGroup section */
		00AB32F3265C18C200F4239C /* Helpers */ = {
			isa = PBXGroup;
			children = (
				00AB32F4265C18D700F4239C /* ButtonNode.swift */,
				00AB32F6265C18FE00F4239C /* MyUtils.swift */,
				00AB32F8265C19C600F4239C /* SoundManager.swift */,
				00AB32FA265C19D800F4239C /* Constants.swift */,
			);
			path = Helpers;
			sourceTree = "<group>";
		};
		00AB3306265C2C4400F4239C /* Sounds */ = {
			isa = PBXGroup;
			children = (
				00AB330B265C2C5500F4239C /* attack.wav */,
				00AB3312265C2C5600F4239C /* bigHit.wav */,
				00AB3309265C2C5400F4239C /* boom.wav */,
				00AB3308265C2C5400F4239C /* defend.wav */,
				00AB330A265C2C5500F4239C /* Latin_Industries.mp3 */,
				00AB330F265C2C5500F4239C /* lioncry3.wav */,
				00AB330C265C2C5500F4239C /* lionlaugh4.wav */,
				00AB330D265C2C5500F4239C /* mass.wav */,
				00AB330E265C2C5500F4239C /* pew.wav */,
				00AB3311265C2C5600F4239C /* pew2.wav */,
				00AB3307265C2C5400F4239C /* smallHit.wav */,
				00AB3310265C2C5600F4239C /* spawn.wav */,
			);
			path = Sounds;
			sourceTree = "<group>";
		};
		00AB3321265C347500F4239C /* Scenes */ = {
			isa = PBXGroup;
			children = (
				00E803A3265B3C8E00CE47B3 /* GameScene.sks */,
				00B2F093265832A200E8F41A /* GameScene.swift */,
			);
			path = Scenes;
			sourceTree = "<group>";
		};
		00B2F081265832A100E8F41A = {
			isa = PBXGroup;
			children = (
				00B2F08C265832A100E8F41A /* EstudoGameKit */,
				00B2F08B265832A100E8F41A /* Products */,
			);
			sourceTree = "<group>";
		};
		00B2F08B265832A100E8F41A /* Products */ = {
			isa = PBXGroup;
			children = (
				00B2F08A265832A100E8F41A /* EstudoGameKit.app */,
			);
			name = Products;
			sourceTree = "<group>";
		};
		00B2F08C265832A100E8F41A /* EstudoGameKit */ = {
			isa = PBXGroup;
			children = (
				00AB3306265C2C4400F4239C /* Sounds */,
				00AB32F3265C18C200F4239C /* Helpers */,
				00E80379265B259200CE47B3 /* Entities */,
				00E80378265B257D00CE47B3 /* Components */,
				00AB3321265C347500F4239C /* Scenes */,
				00B2F08D265832A100E8F41A /* AppDelegate.swift */,
				00B2F095265832A200E8F41A /* GameViewController.swift */,
				00B2F097265832A200E8F41A /* Main.storyboard */,
				00B2F09A265832A300E8F41A /* Assets.xcassets */,
				00B2F09C265832A300E8F41A /* Info.plist */,
			);
			path = EstudoGameKit;
			sourceTree = "<group>";
		};
		00E80378265B257D00CE47B3 /* Components */ = {
			isa = PBXGroup;
			children = (
				00E80376265B236200CE47B3 /* SpriteComponent.swift */,
				00E8037E265B2DDF00CE47B3 /* TeamComponent.swift */,
				00AB32FE265C1E2100F4239C /* CastleComponent.swift */,
				00AB3302265C233D00F4239C /* MoveBehavior.swift */,
				00AB3304265C23C100F4239C /* MoveComponent.swift */,
			);
			path = Components;
			sourceTree = "<group>";
		};
		00E80379265B259200CE47B3 /* Entities */ = {
			isa = PBXGroup;
			children = (
				00E8037A265B25AC00CE47B3 /* Castle.swift */,
				00E8037C265B27F300CE47B3 /* EntityManager.swift */,
				00AB3300265C20B900F4239C /* Quirk.swift */,
				00AB331F265C333E00F4239C /* Sun.swift */,
			);
			path = Entities;
			sourceTree = "<group>";
		};
/* End PBXGroup section */

/* Begin PBXNativeTarget section */
		00B2F089265832A100E8F41A /* EstudoGameKit */ = {
			isa = PBXNativeTarget;
			buildConfigurationList = 00B2F09F265832A300E8F41A /* Build configuration list for PBXNativeTarget "EstudoGameKit" */;
			buildPhases = (
				00B2F086265832A100E8F41A /* Sources */,
				00B2F087265832A100E8F41A /* Frameworks */,
				00B2F088265832A100E8F41A /* Resources */,
			);
			buildRules = (
			);
			dependencies = (
			);
			name = EstudoGameKit;
			productName = EstudoGameKit;
			productReference = 00B2F08A265832A100E8F41A /* EstudoGameKit.app */;
			productType = "com.apple.product-type.application";
		};
/* End PBXNativeTarget section */

/* Begin PBXProject section */
		00B2F082265832A100E8F41A /* Project object */ = {
			isa = PBXProject;
			attributes = {
				LastSwiftUpdateCheck = 1250;
				LastUpgradeCheck = 1250;
				TargetAttributes = {
					00B2F089265832A100E8F41A = {
						CreatedOnToolsVersion = 12.5;
					};
				};
			};
			buildConfigurationList = 00B2F085265832A100E8F41A /* Build configuration list for PBXProject "EstudoGameKit" */;
			compatibilityVersion = "Xcode 9.3";
			developmentRegion = en;
			hasScannedForEncodings = 0;
			knownRegions = (
				en,
				Base,
			);
			mainGroup = 00B2F081265832A100E8F41A;
			productRefGroup = 00B2F08B265832A100E8F41A /* Products */;
			projectDirPath = "";
			projectRoot = "";
			targets = (
				00B2F089265832A100E8F41A /* EstudoGameKit */,
			);
		};
/* End PBXProject section */

/* Begin PBXResourcesBuildPhase section */
		00B2F088265832A100E8F41A /* Resources */ = {
			isa = PBXResourcesBuildPhase;
			buildActionMask = 2147483647;
			files = (
				00AB3319265C2C5600F4239C /* mass.wav in Resources */,
				00AB331C265C2C5600F4239C /* spawn.wav in Resources */,
				00B2F099265832A200E8F41A /* Main.storyboard in Resources */,
				00E803A4265B3C8E00CE47B3 /* GameScene.sks in Resources */,
				00AB331D265C2C5600F4239C /* pew2.wav in Resources */,
				00AB3313265C2C5600F4239C /* smallHit.wav in Resources */,
				00AB3315265C2C5600F4239C /* boom.wav in Resources */,
				00AB3318265C2C5600F4239C /* lionlaugh4.wav in Resources */,
				00AB3314265C2C5600F4239C /* defend.wav in Resources */,
				00AB3316265C2C5600F4239C /* Latin_Industries.mp3 in Resources */,
				00AB3317265C2C5600F4239C /* attack.wav in Resources */,
				00B2F09B265832A300E8F41A /* Assets.xcassets in Resources */,
				00AB331A265C2C5600F4239C /* pew.wav in Resources */,
				00AB331E265C2C5600F4239C /* bigHit.wav in Resources */,
				00AB331B265C2C5600F4239C /* lioncry3.wav in Resources */,
			);
			runOnlyForDeploymentPostprocessing = 0;
		};
/* End PBXResourcesBuildPhase section */

/* Begin PBXSourcesBuildPhase section */
		00B2F086265832A100E8F41A /* Sources */ = {
			isa = PBXSourcesBuildPhase;
			buildActionMask = 2147483647;
			files = (
				00E8037F265B2DDF00CE47B3 /* TeamComponent.swift in Sources */,
				00AB32FB265C19D800F4239C /* Constants.swift in Sources */,
				00AB3303265C233D00F4239C /* MoveBehavior.swift in Sources */,
				00B2F094265832A200E8F41A /* GameScene.swift in Sources */,
				00B2F096265832A200E8F41A /* GameViewController.swift in Sources */,
				00E8037D265B27F300CE47B3 /* EntityManager.swift in Sources */,
				00AB32F7265C18FE00F4239C /* MyUtils.swift in Sources */,
				00E8037B265B25AC00CE47B3 /* Castle.swift in Sources */,
				00AB32FF265C1E2100F4239C /* CastleComponent.swift in Sources */,
				00AB3301265C20B900F4239C /* Quirk.swift in Sources */,
				00AB3320265C333E00F4239C /* Sun.swift in Sources */,
				00AB32F5265C18D700F4239C /* ButtonNode.swift in Sources */,
				00AB3305265C23C100F4239C /* MoveComponent.swift in Sources */,
				00E80377265B236200CE47B3 /* SpriteComponent.swift in Sources */,
				00B2F08E265832A100E8F41A /* AppDelegate.swift in Sources */,
				00AB32F9265C19C600F4239C /* SoundManager.swift in Sources */,
			);
			runOnlyForDeploymentPostprocessing = 0;
		};
/* End PBXSourcesBuildPhase section */

/* Begin PBXVariantGroup section */
		00B2F097265832A200E8F41A /* Main.storyboard */ = {
			isa = PBXVariantGroup;
			children = (
				00B2F098265832A200E8F41A /* Base */,
			);
			name = Main.storyboard;
			sourceTree = "<group>";
		};
/* End PBXVariantGroup section */

/* Begin XCBuildConfiguration section */
		00B2F09D265832A300E8F41A /* Debug */ = {
			isa = XCBuildConfiguration;
			buildSettings = {
				ALWAYS_SEARCH_USER_PATHS = NO;
				CLANG_ANALYZER_NONNULL = YES;
				CLANG_ANALYZER_NUMBER_OBJECT_CONVERSION = YES_AGGRESSIVE;
				CLANG_CXX_LANGUAGE_STANDARD = "gnu++14";
				CLANG_CXX_LIBRARY = "libc++";
				CLANG_ENABLE_MODULES = YES;
				CLANG_ENABLE_OBJC_ARC = YES;
				CLANG_ENABLE_OBJC_WEAK = YES;
				CLANG_WARN_BLOCK_CAPTURE_AUTORELEASING = YES;
				CLANG_WARN_BOOL_CONVERSION = YES;
				CLANG_WARN_COMMA = YES;
				CLANG_WARN_CONSTANT_CONVERSION = YES;
				CLANG_WARN_DEPRECATED_OBJC_IMPLEMENTATIONS = YES;
				CLANG_WARN_DIRECT_OBJC_ISA_USAGE = YES_ERROR;
				CLANG_WARN_DOCUMENTATION_COMMENTS = YES;
				CLANG_WARN_EMPTY_BODY = YES;
				CLANG_WARN_ENUM_CONVERSION = YES;
				CLANG_WARN_INFINITE_RECURSION = YES;
				CLANG_WARN_INT_CONVERSION = YES;
				CLANG_WARN_NON_LITERAL_NULL_CONVERSION = YES;
				CLANG_WARN_OBJC_IMPLICIT_RETAIN_SELF = YES;
				CLANG_WARN_OBJC_LITERAL_CONVERSION = YES;
				CLANG_WARN_OBJC_ROOT_CLASS = YES_ERROR;
				CLANG_WARN_QUOTED_INCLUDE_IN_FRAMEWORK_HEADER = YES;
				CLANG_WARN_RANGE_LOOP_ANALYSIS = YES;
				CLANG_WARN_STRICT_PROTOTYPES = YES;
				CLANG_WARN_SUSPICIOUS_MOVE = YES;
				CLANG_WARN_UNGUARDED_AVAILABILITY = YES_AGGRESSIVE;
				CLANG_WARN_UNREACHABLE_CODE = YES;
				CLANG_WARN__DUPLICATE_METHOD_MATCH = YES;
				COPY_PHASE_STRIP = NO;
				DEBUG_INFORMATION_FORMAT = dwarf;
				ENABLE_STRICT_OBJC_MSGSEND = YES;
				ENABLE_TESTABILITY = YES;
				GCC_C_LANGUAGE_STANDARD = gnu11;
				GCC_DYNAMIC_NO_PIC = NO;
				GCC_NO_COMMON_BLOCKS = YES;
				GCC_OPTIMIZATION_LEVEL = 0;
				GCC_PREPROCESSOR_DEFINITIONS = (
					"DEBUG=1",
					"$(inherited)",
				);
				GCC_WARN_64_TO_32_BIT_CONVERSION = YES;
				GCC_WARN_ABOUT_RETURN_TYPE = YES_ERROR;
				GCC_WARN_UNDECLARED_SELECTOR = YES;
				GCC_WARN_UNINITIALIZED_AUTOS = YES_AGGRESSIVE;
				GCC_WARN_UNUSED_FUNCTION = YES;
				GCC_WARN_UNUSED_VARIABLE = YES;
				IPHONEOS_DEPLOYMENT_TARGET = 14.5;
				MTL_ENABLE_DEBUG_INFO = INCLUDE_SOURCE;
				MTL_FAST_MATH = YES;
				ONLY_ACTIVE_ARCH = YES;
				SDKROOT = iphoneos;
				SWIFT_ACTIVE_COMPILATION_CONDITIONS = DEBUG;
				SWIFT_OPTIMIZATION_LEVEL = "-Onone";
			};
			name = Debug;
		};
		00B2F09E265832A300E8F41A /* Release */ = {
			isa = XCBuildConfiguration;
			buildSettings = {
				ALWAYS_SEARCH_USER_PATHS = NO;
				CLANG_ANALYZER_NONNULL = YES;
				CLANG_ANALYZER_NUMBER_OBJECT_CONVERSION = YES_AGGRESSIVE;
				CLANG_CXX_LANGUAGE_STANDARD = "gnu++14";
				CLANG_CXX_LIBRARY = "libc++";
				CLANG_ENABLE_MODULES = YES;
				CLANG_ENABLE_OBJC_ARC = YES;
				CLANG_ENABLE_OBJC_WEAK = YES;
				CLANG_WARN_BLOCK_CAPTURE_AUTORELEASING = YES;
				CLANG_WARN_BOOL_CONVERSION = YES;
				CLANG_WARN_COMMA = YES;
				CLANG_WARN_CONSTANT_CONVERSION = YES;
				CLANG_WARN_DEPRECATED_OBJC_IMPLEMENTATIONS = YES;
				CLANG_WARN_DIRECT_OBJC_ISA_USAGE = YES_ERROR;
				CLANG_WARN_DOCUMENTATION_COMMENTS = YES;
				CLANG_WARN_EMPTY_BODY = YES;
				CLANG_WARN_ENUM_CONVERSION = YES;
				CLANG_WARN_INFINITE_RECURSION = YES;
				CLANG_WARN_INT_CONVERSION = YES;
				CLANG_WARN_NON_LITERAL_NULL_CONVERSION = YES;
				CLANG_WARN_OBJC_IMPLICIT_RETAIN_SELF = YES;
				CLANG_WARN_OBJC_LITERAL_CONVERSION = YES;
				CLANG_WARN_OBJC_ROOT_CLASS = YES_ERROR;
				CLANG_WARN_QUOTED_INCLUDE_IN_FRAMEWORK_HEADER = YES;
				CLANG_WARN_RANGE_LOOP_ANALYSIS = YES;
				CLANG_WARN_STRICT_PROTOTYPES = YES;
				CLANG_WARN_SUSPICIOUS_MOVE = YES;
				CLANG_WARN_UNGUARDED_AVAILABILITY = YES_AGGRESSIVE;
				CLANG_WARN_UNREACHABLE_CODE = YES;
				CLANG_WARN__DUPLICATE_METHOD_MATCH = YES;
				COPY_PHASE_STRIP = NO;
				DEBUG_INFORMATION_FORMAT = "dwarf-with-dsym";
				ENABLE_NS_ASSERTIONS = NO;
				ENABLE_STRICT_OBJC_MSGSEND = YES;
				GCC_C_LANGUAGE_STANDARD = gnu11;
				GCC_NO_COMMON_BLOCKS = YES;
				GCC_WARN_64_TO_32_BIT_CONVERSION = YES;
				GCC_WARN_ABOUT_RETURN_TYPE = YES_ERROR;
				GCC_WARN_UNDECLARED_SELECTOR = YES;
				GCC_WARN_UNINITIALIZED_AUTOS = YES_AGGRESSIVE;
				GCC_WARN_UNUSED_FUNCTION = YES;
				GCC_WARN_UNUSED_VARIABLE = YES;
				IPHONEOS_DEPLOYMENT_TARGET = 14.5;
				MTL_ENABLE_DEBUG_INFO = NO;
				MTL_FAST_MATH = YES;
				SDKROOT = iphoneos;
				SWIFT_COMPILATION_MODE = wholemodule;
				SWIFT_OPTIMIZATION_LEVEL = "-O";
				VALIDATE_PRODUCT = YES;
			};
			name = Release;
		};
		00B2F0A0265832A300E8F41A /* Debug */ = {
			isa = XCBuildConfiguration;
			buildSettings = {
				ASSETCATALOG_COMPILER_APPICON_NAME = AppIcon;
				ASSETCATALOG_COMPILER_GLOBAL_ACCENT_COLOR_NAME = AccentColor;
				CODE_SIGN_STYLE = Automatic;
				DEVELOPMENT_TEAM = 97568Q8MN2;
				INFOPLIST_FILE = EstudoGameKit/Info.plist;
				LD_RUNPATH_SEARCH_PATHS = (
					"$(inherited)",
					"@executable_path/Frameworks",
				);
				PRODUCT_BUNDLE_IDENTIFIER = com.rodrigocarvalho.EstudoGameKit;
				PRODUCT_NAME = "$(TARGET_NAME)";
				SWIFT_VERSION = 5.0;
				TARGETED_DEVICE_FAMILY = "1,2";
			};
			name = Debug;
		};
		00B2F0A1265832A300E8F41A /* Release */ = {
			isa = XCBuildConfiguration;
			buildSettings = {
				ASSETCATALOG_COMPILER_APPICON_NAME = AppIcon;
				ASSETCATALOG_COMPILER_GLOBAL_ACCENT_COLOR_NAME = AccentColor;
				CODE_SIGN_STYLE = Automatic;
				DEVELOPMENT_TEAM = 97568Q8MN2;
				INFOPLIST_FILE = EstudoGameKit/Info.plist;
				LD_RUNPATH_SEARCH_PATHS = (
					"$(inherited)",
					"@executable_path/Frameworks",
				);
				PRODUCT_BUNDLE_IDENTIFIER = com.rodrigocarvalho.EstudoGameKit;
				PRODUCT_NAME = "$(TARGET_NAME)";
				SWIFT_VERSION = 5.0;
				TARGETED_DEVICE_FAMILY = "1,2";
			};
			name = Release;
		};
/* End XCBuildConfiguration section */

/* Begin XCConfigurationList section */
		00B2F085265832A100E8F41A /* Build configuration list for PBXProject "EstudoGameKit" */ = {
			isa = XCConfigurationList;
			buildConfigurations = (
				00B2F09D265832A300E8F41A /* Debug */,
				00B2F09E265832A300E8F41A /* Release */,
			);
			defaultConfigurationIsVisible = 0;
			defaultConfigurationName = Release;
		};
		00B2F09F265832A300E8F41A /* Build configuration list for PBXNativeTarget "EstudoGameKit" */ = {
			isa = XCConfigurationList;
			buildConfigurations = (
				00B2F0A0265832A300E8F41A /* Debug */,
				00B2F0A1265832A300E8F41A /* Release */,
			);
			defaultConfigurationIsVisible = 0;
			defaultConfigurationName = Release;
		};
/* End XCConfigurationList section */
	};
	rootObject = 00B2F082265832A100E8F41A /* Project object */;
}
